
Microsoft Visual Studio Solution File, Format Version 12.00
# Visual Studio Version 17
VisualStudioVersion = 17.3.32804.467
MinimumVisualStudioVersion = 10.0.40219.1
Project("{FAE04EC0-301F-11D3-BF4B-00C04F79EFBC}") = "MassConservation", "MassConservation\MassConservation.csproj", "{80669F8F-ECBB-4376-9E9D-448CCFA8EC64}"
EndProject
Global
	GlobalSection(SolutionConfigurationPlatforms) = preSolution
		Debug|Any CPU = Debug|Any CPU
		Release|Any CPU = Release|Any CPU
	EndGlobalSection
	GlobalSection(ProjectConfigurationPlatforms) = postSolution
		{80669F8F-ECBB-4376-9E9D-448CCFA8EC64}.Debug|Any CPU.ActiveCfg = Debug|Any CPU
		{80669F8F-ECBB-4376-9E9D-448CCFA8EC64}.Debug|Any CPU.Build.0 = Debug|Any CPU
		{80669F8F-ECBB-4376-9E9D-448CCFA8EC64}.Release|Any CPU.ActiveCfg = Release|Any CPU
		{80669F8F-ECBB-4376-9E9D-448CCFA8EC64}.Release|Any CPU.Build.0 = Release|Any CPU
	EndGlobalSection
	GlobalSection(SolutionProperties) = preSolution
		HideSolutionNode = FALSE
	EndGlobalSection
	GlobalSection(ExtensibilityGlobals) = postSolution
		SolutionGuid = {1E6436B5-E2DC-45E7-9794-A57BBB94C66F}
	EndGlobalSection
EndGlobal
